{
  "requires": true,
  "lockfileVersion": 1,
  "dependencies": {
    "two.js": {
      "version": "0.7.0-stable.1",
      "resolved": "https://registry.npmjs.org/two.js/-/two.js-0.7.0-stable.1.tgz",
      "integrity": "sha512-4QULPtstGEyGbhMvVvCGxgm85Un6CMYqFYafw7hNan9LdqoYZqMnxsaj8pkfBT4zpRfqB98aZjGrWYoCBqKtXA=="
    }
  }
}
